version = 1
revision = 3
requires-python = ">=3.12"

[[package]]
name = "colorama"
version = "0.4.6"
source = { registry = "https://pypi.org/simple" }
sdist = { url = "https://files.pythonhosted.org/packages/d8/53/6f443c9a4a8358a93a6792e2acffb9d9d5cb0a5cfd8802644b7b1c9a02e4/colorama-0.4.6.tar.gz", hash = "sha256:08695f5cb7ed6e0531a20572697297273c47b8cae5a63ffc6d6ed5c201be6e44", size = 27697, upload-time = "2022-10-25T02:36:22.414Z" }
wheels = [
    { url = "https://files.pythonhosted.org/packages/d1/d6/3965ed04c63042e047cb6a3e6ed1a63a35087b6a609aa3a15ed8ac56c221/colorama-0.4.6-py2.py3-none-any.whl", hash = "sha256:4f1d9991f5acc0ca119f9d443620b77f9d6b33703e51011c16baf57afb285fc6", size = 25335, upload-time = "2022-10-25T02:36:20.889Z" },
]

[[package]]
name = "cooprts-tools"
version = "0.1.0"
source = { virtual = "." }

[package.dev-dependencies]
dev = [
    { name = "mypy" },
    { name = "pytest" },
    { name = "ruff" },
]

[package.metadata]

[package.metadata.requires-dev]
dev = [
    { name = "mypy", specifier = "==1.19.1" },
    { name = "pytest", specifier = "==8.4.2" },
    { name = "ruff", specifier = "==0.15.7" },
]

[[package]]
name = "iniconfig"
version = "2.3.0"
source = { registry = "https://pypi.org/simple" }
sdist = { url = "https://files.pythonhosted.org/packages/72/34/14ca021ce8e5dfedc35312d08ba8bf51fdd999c576889fc2c24cb97f4f10/iniconfig-2.3.0.tar.gz", hash = "sha256:c76315c77db068650d49c5b56314774a7804df16fee4402c1f19d6d15d8c4730", size = 20503, upload-time = "2025-10-18T21:55:43.219Z" }
wheels = [
    { url = "https://files.pythonhosted.org/packages/cb/b1/3846dd7f199d53cb17f49cba7e651e9ce294d8497c8c150530ed11865bb8/iniconfig-2.3.0-py3-none-any.whl", hash = "sha256:f631c04d2c48c52b84d0d0549c99ff3859c98df65b3101406327ecc7d53fbf12", size = 7484, upload-time = "2025-10-18T21:55:41.639Z" },
]

[[package]]
name = "librt"
version = "0.16.0"
source = { registry = "https://pypi.org/simple" }
sdist = { url = "https://files.pythonhosted.org/packages/04/f5/9dc696772d241814bacac7880bac32f2930b5a6ebc1f85317b83161a011c/librt-0.16.0.tar.gz", hash = "sha256:ac38d6d8d66bf3d744148dbbc0b8e193e195a51e364ed55e224631f5721891fc", size = 219839, upload-time = "2026-09-29T00:55:32.891Z" }
wheels = [
    { url = "https://files.pythonhosted.org/packages/ad/76/bbdaeb87b7c47b5c7343e90222b9bfa4e4a8a83f647e02933ad0129225b1/librt-0.16.0-cp312-cp312-macosx_10_13_x86_64.whl", hash = "sha256:fe52bf4641069e7978a14253b036cb9002def1926317e710f2e249f8a8c47742", size = 151028, upload-time = "2026-09-29T00:52:41.508Z" },
    { url = "https://files.pythonhosted.org/packages/fd/0c/ab8ed3dab0085931aec4a792c7eaac8dc6c5ff4691fda3a5360d9d8a9cd2/librt-0.16.0-cp312-cp312-macosx_11_0_arm64.whl", hash = "sha256:5bcc2c4726ced915b00de0c9856a4eeabfb3fddb93e10e0b8f735b7709358b6d", size = 155283, upload-time = "2026-09-29T00:52:42.873Z" },
    { url = "https://files.pythonhosted.org/packages/eb/36/494e79d460c80c1f030661e8287c9eca5e1ad652dc2b2180b6cd42abce0a/librt-0.16.0-cp312-cp312-manylinux2014_aarch64.manylinux_2_17_aarch64.manylinux_2_28_aarch64.whl", hash = "sha256:ff7baa55f8e7c69851419e50a666015d02a74198716fd45c0125a2112e0a389f", size = 503185, upload-time = "2026-09-29T00:52:44.638Z" },
    { url = "https://files.pythonhosted.org/packages/9b/34/a8464038dd9db6e4381fa2b6eb73dc9a50888d77102c4c139304ac35cddc/librt-0.16.0-cp312-cp312-manylinux2014_i686.manylinux_2_17_i686.manylinux_2_28_i686.whl", hash = "sha256:b95d5d92ab83d39e760a52091bb1baba664f3a2351e39b1e16801e5747c2f0e9", size = 496738, upload-time = "2026-09-29T00:52:46.441Z" },
    { url = "https://files.pythonhosted.org/packages/6a/53/e0e5e334ef0c6ed27039d323819368b9ef6712be87d55ee2bf9799398afd/librt-0.16.0-cp312-cp312-manylinux2014_ppc64le.manylinux_2_17_ppc64le.manylinux_2_28_ppc64le.whl", hash = "sha256:b6d085d70bce51d43c5c7c36d63490770180d8779e71c49305c87b4213918de7", size = 513818, upload-time = "2026-09-29T00:52:48.068Z" },
    { url = "https://files.pythonhosted.org/packages/ad/f7/7ce72cbf19d0addd05090b339152fd0548a02562c2866a603e6e3b3da2df/librt-0.16.0-cp312-cp312-manylinux2014_x86_64.manylinux_2_17_x86_64.manylinux_2_28_x86_64.whl", hash = "sha256:36e53948e99bbe3ffea257124cfcae1cfb01831555c9a9c903c9f9a72db7fd07", size = 531952, upload-time = "2026-09-29T00:52:49.816Z" },
    { url = "https://files.pythonhosted.org/packages/83/22/0b1bcb6a8e723c8b4fd60dfc8ae8ec6461c54073fbc8685efeb8d900d407/librt-0.16.0-cp312-cp312-manylinux_2_34_riscv64.manylinux_2_39_riscv64.whl", hash = "sha256:54d11f726aae9df5a6ffbbf0a03a52449bbac84a53ef03669cb41cdfd4ae41bf", size = 524465, upload-time = "2026-09-29T00:52:51.354Z" },
    { url = "https://files.pythonhosted.org/packages/64/2e/e9c23b8b9df1813da1be205deca9606beb7ddd033972246cd426d05374a0/librt-0.16.0-cp312-cp312-musllinux_1_2_aarch64.whl", hash = "sha256:4323193ac0cd025f85af531df8ba91bf24d1973b401697347a6282e8fd3fcf5e", size = 543191, upload-time = "2026-09-29T00:52:53.284Z" },
    { url = "https://files.pythonhosted.org/packages/bc/e5/6a8b21b342c03ed7e230fa3afbfd2edc58e6e87ef1f0d11fa2b9a748c252/librt-0.16.0-cp312-cp312-musllinux_1_2_i686.whl", hash = "sha256:e42f8e098b9c5396fefa05fb1cc7e33b0e08fc51da106b5de4a45fd22aac6743", size = 546979, upload-time = "2026-09-29T00:52:54.932Z" },
    { url = "https://files.pythonhosted.org/packages/84/9e/b5129023eced1be01e01c22757f53be551d463b1bb7264f787927404c1d6/librt-0.16.0-cp312-cp312-musllinux_1_2_ppc64le.whl", hash = "sha256:39ec1d5a14e37baf1450a6cabf03fe552340808bf1ad9d71824ab90117716459", size = 555317, upload-time = "2026-09-29T00:52:56.869Z" },
    { url = "https://files.pythonhosted.org/packages/71/89/28bba5938c725fe91f06bf93f7fa6c6b150229df53a87b454b0d5c2a796e/librt-0.16.0-cp312-cp312-musllinux_1_2_riscv64.whl", hash = "sha256:d1aabe3925cbb4a08d15b7b20ba4011b53019da0c4173a25155139b7b1baed65", size = 535846, upload-time = "2026-09-29T00:52:58.475Z" },
    { url = "https://files.pythonhosted.org/packages/22/92/63773026614f888c5d4e370e395ce42ca604b89f70b3acdfedbf94851b80/librt-0.16.0-cp312-cp312-musllinux_1_2_x86_64.whl", hash = "sha256:300c3ffdc459f4a779a8411ecb188e3ac0b1ff3a3a7b099642555dedae06c69b", size = 573700, upload-time = "2026-09-29T00:53:00.127Z" },
    { url = "https://files.pythonhosted.org/packages/66/8f/347d4677eefb57cd9f8e01d95a1dcee9a91b4e44e664173c32ff6f3752e5/librt-0.16.0-cp312-cp312-win32.whl", hash = "sha256:c17194318e4c0c0348b36f36c2ec7534436fe0a4c15582403162a4f08c80797a", size = 106158, upload-time = "2026-09-29T00:53:02.031Z" },
    { url = "https://files.pythonhosted.org/packages/f0/2c/5193dc81127cd5ddfad031391b046bf32dda219b38463ab872407ca30646/librt-0.16.0-cp312-cp312-win_amd64.whl", hash = "sha256:25a58a19ea8d83b68209f04912df765e9260635ef77646542ed4b4abe6bc7940", size = 126176, upload-time = "2026-09-29T00:53:03.445Z" },
    { url = "https://files.pythonhosted.org/packages/ff/3d/9668a400c8dd81d162eba38b33fa49fa6205f1a64493570a13fbb815c3ee/librt-0.16.0-cp312-cp312-win_arm64.whl", hash = "sha256:f7be7cf555bc30ec12622e9447299cc4a9b8ff307548b634794353db0c2065dc", size = 116572, upload-time = "2026-09-29T00:53:04.815Z" },
    { url = "https://files.pythonhosted.org/packages/46/cd/ae5e0e9dba45d1399aa04a5395bcc0bead40d9fa06dc903634a7b4d7473d/librt-0.16.0-cp313-cp313-macosx_10_13_x86_64.whl", hash = "sha256:c5e6144e68b577f157519f2ba88ca20e3ed61c29b00e5cdfa76cd2d45acf059a", size = 151036, upload-time = "2026-09-29T00:53:06.284Z" },
    { url = "https://files.pythonhosted.org/packages/41/5a/48a16e323c5f9447a94cce7b59babf60fa04e62c3365ecf060c77ed8b320/librt-0.16.0-cp313-cp313-macosx_11_0_arm64.whl", hash = "sha256:33f41443a1f4e1f099331b3d8120e409fbff84b9760bc1cc9ea496f37ddaa5cc", size = 155211, upload-time = "2026-09-29T00:53:07.72Z" },
    { url = "https://files.pythonhosted.org/packages/3f/29/0f59299eb4251a409b2e690ad4b7d9f8a676db829d7817ec961f32b44f7e/librt-0.16.0-cp313-cp313-manylinux2014_aarch64.manylinux_2_17_aarch64.manylinux_2_28_aarch64.whl", hash = "sha256:7e510b7770bee609617a3374a96548eb114cae048023e3f049ee449e7ff2db32", size = 502587, upload-time = "2026-09-29T00:53:09.191Z" },
    { url = "https://files.pythonhosted.org/packages/de/ba/d6fb4ef8d1537c396079d72289f16be7cd35a366e5065c51253fea2760b6/librt-0.16.0-cp313-cp313-manylinux2014_i686.manylinux_2_17_i686.manylinux_2_28_i686.whl", hash = "sha256:efc49c462d4516b8a58b00b490078fa64689fd1fe66970cc190131d7afb8027e", size = 496146, upload-time = "2026-09-29T00:53:11.016Z" },
    { url = "https://files.pythonhosted.org/packages/52/fc/8c50dd4d7cc97c0ee8f252c8a3104980f234391cf1519b554e8b9de08b60/librt-0.16.0-cp313-cp313-manylinux2014_ppc64le.manylinux_2_17_ppc64le.manylinux_2_28_ppc64le.whl", hash = "sha256:92caf82ebef5e12d21c72242b70d1e92536f1711cf2a727a4c276de4b4469087", size = 513336, upload-time = "2026-09-29T00:53:12.655Z" },
    { url = "https://files.pythonhosted.org/packages/a9/59/16c409c56f708eda2db9a0553662845d45e3871c77d70a240dae3f3bdc56/librt-0.16.0-cp313-cp313-manylinux2014_x86_64.manylinux_2_17_x86_64.manylinux_2_28_x86_64.whl", hash = "sha256:17bac7f7a16b328fff77e440287693eb017abde913595b5827ebccbc21ecd8a6", size = 531689, upload-time = "2026-09-29T00:53:14.39Z" },
    { url = "https://files.pythonhosted.org/packages/88/82/d34772a6c29d1446dcca6e64d74062efd508523ab351aa16625a4689d5cc/librt-0.16.0-cp313-cp313-manylinux_2_34_riscv64.manylinux_2_39_riscv64.whl", hash = "sha256:5b976054553670829985ed767feb78fb6bcede0175327c4844dd5c281c1be659", size = 524537, upload-time = "2026-09-29T00:53:16.064Z" },
    { url = "https://files.pythonhosted.org/packages/77/8f/24c5631313746131ccee53bc91fdc8374f9cf25e0082a1fee9c93bb98acc/librt-0.16.0-cp313-cp313-musllinux_1_2_aarch64.whl", hash = "sha256:0058f9d68721094105917254c72ac0569117bb7b13b9769cf45d26d89f9d21cd", size = 543231, upload-time = "2026-09-29T00:53:17.939Z" },
    { url = "https://files.pythonhosted.org/packages/f2/cb/5f8e0d41dbd8b499c2265e939c31acc9ba59845565bf99539ad1c06aebcf/librt-0.16.0-cp313-cp313-musllinux_1_2_i686.whl", hash = "sha256:30b7beaf3f4487b7d8adef1f158b49067cb4d5a19fa7a3bf31a4e7a820e435c5", size = 546499, upload-time = "2026-09-29T00:53:19.666Z" },
    { url = "https://files.pythonhosted.org/packages/be/61/063052de441d1385f59cea4223f184bf9e5d125de1ae3239b490aa1e486e/librt-0.16.0-cp313-cp313-musllinux_1_2_ppc64le.whl", hash = "sha256:468df902df016a06eb0e40b0747dc8d14e47d7a38b18b63b1fb167d85cb94d63", size = 555261, upload-time = "2026-09-29T00:53:21.292Z" },
    { url = "https://files.pythonhosted.org/packages/14/11/a2ada0529372268d6401afa9d457a095b68cd7753532b6f7f33049a19b43/librt-0.16.0-cp313-cp313-musllinux_1_2_riscv64.whl", hash = "sha256:aea7b1f2b125dad5de85f049136651bff256c883c65e6b9209b2da0a1ac3cdef", size = 536029, upload-time = "2026-09-29T00:53:23.07Z" },
    { url = "https://files.pythonhosted.org/packages/23/9d/5bb6d38853382986dca702fc7e06c8256d30f5fa0676d882773b744610dc/librt-0.16.0-cp313-cp313-musllinux_1_2_x86_64.whl", hash = "sha256:a8afb6557920860b7a3a596eb804cf37e09e7cf8a803db2478c202acc72d8c2e", size = 573748, upload-time = "2026-09-29T00:53:24.696Z" },
    { url = "https://files.pythonhosted.org/packages/99/f6/0025cde35ff7f607684dc775a2b2d732cce2561cec050a6ee1fb2e1fc6fe/librt-0.16.0-cp313-cp313-pyemscripten_2025_0_wasm32.whl", hash = "sha256:77c7a2b4fe2c1369e0d5aa1cade26740a7b14be32fbc9a5535d617d20065c39d", size = 79861, upload-time = "2026-09-29T00:53:26.089Z" },
    { url = "https://files.pythonhosted.org/packages/93/93/303b8592909bd583f83f02818ffbea3f7647ca1e22b1cd5465d04b8145fe/librt-0.16.0-cp313-cp313-win32.whl", hash = "sha256:02d89c813d5ff74b17df72d3a34819d132cd168e56b81bf755b809bd9e46b8c4", size = 106236, upload-time = "2026-09-29T00:53:27.43Z" },
    { url = "https://files.pythonhosted.org/packages/cf/24/80bbb463c60ed18e29cb26aba386ddb76609580e4e7160710e550587018c/librt-0.16.0-cp313-cp313-win_amd64.whl", hash = "sha256:14ed6ebe3e4f85f326d7920011ad30ff49ed9334e62cf88caef9ba973d9e3a92", size = 126180, upload-time = "2026-09-29T00:53:28.7Z" },
    { url = "https://files.pythonhosted.org/packages/43/80/b1a6fbdd7da825cdd55c71aa81eb6cfa82c513c360774152eacb50b4a771/librt-0.16.0-cp313-cp313-win_arm64.whl", hash = "sha256:83d4041a3d9b2fd053a8a4e1f22878b3e5833e2712956382d5c048d791454e91", size = 116557, upload-time = "2026-09-29T00:53:30.012Z" },
    { url = "https://files.pythonhosted.org/packages/1e/93/9e0cf7da129a93c3dc7f45bc3cd4a660f2aaa995aa8a6f95c2583ef41239/librt-0.16.0-cp314-cp314-macosx_10_15_x86_64.whl", hash = "sha256:931a0bb0fcac88f263e269e46eb30ba8e21402cd3c62ca40cb97034c0693fab1", size = 149844, upload-time = "2026-09-29T00:53:31.391Z" },
    { url = "https://files.pythonhosted.org/packages/8f/26/8a90d2a8f2b2e471bb486b7aec117b8ae622715ed6c39853aec48ea20073/librt-0.16.0-cp314-cp314-macosx_11_0_arm64.whl", hash = "sha256:1bc17e54e5305f8d40b7ca203671ff5a9e59c1d0f8ea0f625dcca53a3984de11", size = 154111, upload-time = "2026-09-29T00:53:32.718Z" },
    { url = "https://files.pythonhosted.org/packages/35/ce/67abb46258da4d3e42ff5b141db6f38c59357bef84c7979f183b22f924f1/librt-0.16.0-cp314-cp314-manylinux2014_aarch64.manylinux_2_17_aarch64.manylinux_2_28_aarch64.whl", hash = "sha256:877698bf6bca5721d8be345f2fe09778e40ecadea8b58c73075f2b1a53666bf2", size = 494234, upload-time = "2026-09-29T00:53:34.466Z" },
    { url = "https://files.pythonhosted.org/packages/12/f9/ea7162414a16f8f1bbd3b493ad6d22b926c5471916e078350bdbca8c4e5f/librt-0.16.0-cp314-cp314-manylinux2014_i686.manylinux_2_17_i686.manylinux_2_28_i686.whl", hash = "sha256:5981c011b306781ce561e18e14230a14524a3d8109b97553666c942c18f31a96", size = 491173, upload-time = "2026-09-29T00:53:36.124Z" },
    { url = "https://files.pythonhosted.org/packages/b1/09/9b3e869060dd33f9989b80ba4fea306f6db8cecefcdfe6d7346ef0603f65/librt-0.16.0-cp314-cp314-manylinux2014_ppc64le.manylinux_2_17_ppc64le.manylinux_2_28_ppc64le.whl", hash = "sha256:afced3dfc17cd805ecf7a3d77996a71cf5f2c75aa66eb0c21a9930f4fc992f86", size = 505547, upload-time = "2026-09-29T00:53:37.686Z" },
    { url = "https://files.pythonhosted.org/packages/50/07/79007d2165f649ea93e08c0962d1d62c70af9cde77965255095bf9d96f9a/librt-0.16.0-cp314-cp314-manylinux2014_x86_64.manylinux_2_17_x86_64.manylinux_2_28_x86_64.whl", hash = "sha256:ca8052401c55d7511dda6760719fda7618067e83535d7d0010096d216c34b667", size = 523057, upload-time = "2026-09-29T00:53:39.301Z" },
    { url = "https://files.pythonhosted.org/packages/61/0c/8fbaff66d0ba376d8864653f5acce1569bae27e89648671f26f7eca67ab8/librt-0.16.0-cp314-cp314-manylinux_2_34_riscv64.manylinux_2_39_riscv64.whl", hash = "sha256:1e511762a074005bb0aa569166779834e75e438370226930d0ce1866d4b6a33b", size = 515158, upload-time = "2026-09-29T00:53:41.012Z" },
    { url = "https://files.pythonhosted.org/packages/df/2e/23ff0dece76f07a4124413a57682efa0bbeb5765ac0122bc0955513f82ca/librt-0.16.0-cp314-cp314-musllinux_1_2_aarch64.whl", hash = "sha256:f1e8591bd8a5a628cd7f07954c6a1592359a878bf032957a8e9057a41d644311", size = 534183, upload-time = "2026-09-29T00:53:42.451Z" },
    { url = "https://files.pythonhosted.org/packages/26/c4/e11dea21d9a29486eba78887380374189d472734fa32cc50cb37ca44d3d0/librt-0.16.0-cp314-cp314-musllinux_1_2_i686.whl", hash = "sha256:a4aaefb4ba6c07e1aeebb2795c8958148f1d6f9af3b555b53d23d766edb6d67a", size = 540663, upload-time = "2026-09-29T00:53:44.272Z" },
    { url = "https://files.pythonhosted.org/packages/44/75/e873ae158a8b7f5359be33e7fd6c1fbe02d9a78a3e89a77de6b0e837f476/librt-0.16.0-cp314-cp314-musllinux_1_2_ppc64le.whl", hash = "sha256:d92db7a0f6aee44f1baee94750457e8d2d1c6ccea41842de6268d34e8dc7eddd", size = 545908, upload-time = "2026-09-29T00:53:45.812Z" },
    { url = "https://files.pythonhosted.org/packages/ba/36/8939d3f6a93e11bd9592e6fe28d2b44f1c2dc4bed6e22e72359a91e18ffb/librt-0.16.0-cp314-cp314-musllinux_1_2_riscv64.whl", hash = "sha256:378dfaffb38e59c24a87cde5713cd865d51ff7383fa12947f3907f306ea1ca55", size = 523302, upload-time = "2026-09-29T00:53:47.596Z" },
    { url = "https://files.pythonhosted.org/packages/71/14/35309f44a077f0f42ade0e2e7cd88c0cea760c661af205c01ea90d3c0e1f/librt-0.16.0-cp314-cp314-musllinux_1_2_x86_64.whl", hash = "sha256:3e0c39bdc85370422e8b637be76eb1fd07d30967551b03e62267dd156f553152", size = 565911, upload-time = "2026-09-29T00:53:49.278Z" },
    { url = "https://files.pythonhosted.org/packages/78/0c/df6255b94967f3159ebc46f08d8e783c12da6ee269ddb74b2efed63c640c/librt-0.16.0-cp314-cp314-pyemscripten_2026_0_wasm32.whl", hash = "sha256:1b384b90ab79a7bc30b566895809a636e0666f21f3cf12b54823d025b7e83839", size = 79119, upload-time = "2026-09-29T00:53:50.938Z" },
    { url = "https://files.pythonhosted.org/packages/6b/44/d30d5a5461378c9d33f36736c6791c3b4c4ba4b1ffe0da7350aedcb2c9a0/librt-0.16.0-cp314-cp314-win32.whl", hash = "sha256:52327da75a94012e7f932f913d20d3876bed3c102be00e6c3e8600ff7bdd58a7", size = 100140, upload-time = "2026-09-29T00:53:52.205Z" },
    { url = "https://files.pythonhosted.org/packages/c2/98/769712f356a1e897df3581bb0c3100375d054a000de26099360ea65b5111/librt-0.16.0-cp314-cp314-win_amd64.whl", hash = "sha256:3f0b8114c44b2ac06ff5dacd08e07e8e807ff4f46083f2a1602685122559be41", size = 120464, upload-time = "2026-09-29T00:53:53.495Z" },
    { url = "https://files.pythonhosted.org/packages/bf/d3/ae2abccc8bdc8b063c1613a77686e17b74e9d3d60cfe6f12c63fa2821b9f/librt-0.16.0-cp314-cp314-win_arm64.whl", hash = "sha256:8caf96a4ef8fb27d0ac0d1ad8337d26a240acd4a02fe4345d0a8f264753e8f99", size = 110889, upload-time = "2026-09-29T00:53:54.817Z" },
    { url = "https://files.pythonhosted.org/packages/e4/26/0737d4be058dd6376eade7dd8b380d4b869b6394cee929393a5a431c45bb/librt-0.16.0-cp314-cp314t-macosx_10_15_x86_64.whl", hash = "sha256:953107e2f68d0f3512c48f898b0dbf0ce5cc52bba0f318d847c985dc555ee4cc", size = 159838, upload-time = "2026-09-29T00:53:56.22Z" },
    { url = "https://files.pythonhosted.org/packages/01/96/9bc96531d7c620e9949af904470f02e3fa8f35129ab8e8f281c51eaa3788/librt-0.16.0-cp314-cp314t-macosx_11_0_arm64.whl", hash = "sha256:ad37d5b9abd49c9a655dcda7ea52a8a752884062ef1ee71ae17c2f2a0f81fe6a", size = 162018, upload-time = "2026-09-29T00:53:57.532Z" },
    { url = "https://files.pythonhosted.org/packages/0e/fa/b0289dcb186eb3f97221ba00da5f4bd3ba7fa5e99752d48aa8d336615334/librt-0.16.0-cp314-cp314t-manylinux2014_aarch64.manylinux_2_17_aarch64.manylinux_2_28_aarch64.whl", hash = "sha256:2c4aa329c17bd1aaea4f6e89335d8ccd494b3a5830b6654462273e50e11023f0", size = 703983, upload-time = "2026-09-29T00:53:59.024Z" },
    { url = "https://files.pythonhosted.org/packages/d9/ab/05ebbbde7530fc5eeb58fbd1581522a9f64f132fa703c4c595eed6e14760/librt-0.16.0-cp314-cp314t-manylinux2014_i686.manylinux_2_17_i686.manylinux_2_28_i686.whl", hash = "sha256:0ead24d2562a49473dddd9efef8581f020007eb0054389c3ee3ffad38b1ca4c9", size = 683847, upload-time = "2026-09-29T00:54:00.671Z" },
    { url = "https://files.pythonhosted.org/packages/a3/75/f52aeecd4dbadbddf80725ba7de126d8bd5d0eb66247eae17a81ed90dd4d/librt-0.16.0-cp314-cp314t-manylinux2014_ppc64le.manylinux_2_17_ppc64le.manylinux_2_28_ppc64le.whl", hash = "sha256:02118f56a9c36ddd07dfd9b919d9ecc117ba20a90987d56aa4c429fa34509188", size = 698045, upload-time = "2026-09-29T00:54:02.247Z" },
    { url = "https://files.pythonhosted.org/packages/e6/55/fa277a835cd6eb42380591ceb85f48c5b4d2b2d7e2cb9869e1e17d24d237/librt-0.16.0-cp314-cp314t-manylinux2014_x86_64.manylinux_2_17_x86_64.manylinux_2_28_x86_64.whl", hash = "sha256:4e29522c62e28595ff7e324c6834ade51127707f0e255b18d1c1cf03d39c1048", size = 724640, upload-time = "2026-09-29T00:54:04.078Z" },
    { url = "https://files.pythonhosted.org/packages/25/e4/2cf64354f3fde8ebd591b3b48f96510bee24ac5f7d1e567adbbe210abdbd/librt-0.16.0-cp314-cp314t-manylinux_2_34_riscv64.manylinux_2_39_riscv64.whl", hash = "sha256:3ff4b2367926b69c6215635902cccb04048e73094e9862900d27cb2c6bbff143", size = 731748, upload-time = "2026-09-29T00:54:05.741Z" },
    { url = "https://files.pythonhosted.org/packages/f8/c9/c180af3e94e01aa529fa93d7733fec2abc47f222345400cf21d5481d5f8a/librt-0.16.0-cp314-cp314t-musllinux_1_2_aarch64.whl", hash = "sha256:c6f1b27bf1632a7e016af9f145f82be95e1edd7721a646505c21059257cb5a04", size = 754960, upload-time = "2026-09-29T00:54:07.38Z" },
    { url = "https://files.pythonhosted.org/packages/95/d6/01073aa78c58f356b10d9c57b3fe9abb143df338142bcd316df417b89db0/librt-0.16.0-cp314-cp314t-musllinux_1_2_i686.whl", hash = "sha256:5696d7f52e7b37217cb3a8f92c744fe835942602fdd4c1a8bc4741d3bfdce15e", size = 747000, upload-time = "2026-09-29T00:54:09.06Z" },
    { url = "https://files.pythonhosted.org/packages/f7/d8/1de3783908658d697a8cfc00582f61299ffba7796d7260c112e4700b1109/librt-0.16.0-cp314-cp314t-musllinux_1_2_ppc64le.whl", hash = "sha256:6072e92dd876ff6ceeb6cf371e35e51f479349837391341f479b08df4564242b", size = 749569, upload-time = "2026-09-29T00:54:10.702Z" },
    { url = "https://files.pythonhosted.org/packages/b7/32/e817f66c96d6caa8bb8435ff93c4c220624d59efc506be59ab98fcd01d0c/librt-0.16.0-cp314-cp314t-musllinux_1_2_riscv64.whl", hash = "sha256:39ca4f2f2fe05de8e63493da592d84311adabe5bef52b193851981da9816b302", size = 729483, upload-time = "2026-09-29T00:54:12.25Z" },
    { url = "https://files.pythonhosted.org/packages/7c/c9/23992ccd2b9d22798fdd0f61353183a47414e651da782ad83eb680f50833/librt-0.16.0-cp314-cp314t-musllinux_1_2_x86_64.whl", hash = "sha256:f9807485a908f00355820f18e91e045ffdcdc5adb68aaec40a1e2b88c5f7bba1", size = 776584, upload-time = "2026-09-29T00:54:13.837Z" },
    { url = "https://files.pythonhosted.org/packages/67/3b/e8af957f08e6e2e8e566b099e43d2748418aa565df6ee1d9d3331209fdfe/librt-0.16.0-cp314-cp314t-win32.whl", hash = "sha256:94be5cb7bca4df6201f4183e9e4fa2086c655283d20b38cd84500a69057575a7", size = 104402, upload-time = "2026-09-29T00:54:15.568Z" },
    { url = "https://files.pythonhosted.org/packages/ca/1c/946e6443d7cd32347a086043395e421e52fd603c9163d2ec970ceab8eed6/librt-0.16.0-cp314-cp314t-win_amd64.whl", hash = "sha256:d46ca272b251d033dd4527b0dec5f261a28a52bd5fa0f99c117b0a1f8588cc2d", size = 126227, upload-time = "2026-09-29T00:54:17.165Z" },
    { url = "https://files.pythonhosted.org/packages/c2/a3/bc4f9959d3c62bcbf9e5fd3470a8bbd8bf33224ed4c25d7fba173201b8ac/librt-0.16.0-cp314-cp314t-win_arm64.whl", hash = "sha256:b9d6d4b14e92d876f8026b54c20c445f36425214c1081dc76f74e40db386b82b", size = 116493, upload-time = "2026-09-29T00:54:18.567Z" },
    { url = "https://files.pythonhosted.org/packages/b6/4b/10fdb42dfab4c1533e1570e686b18e86ff4328b406361b39fb3016667638/librt-0.16.0-cp315-cp315-macosx_10_15_x86_64.whl", hash = "sha256:6fe436af2eaf630474f491af5d032cbe45f93fcff5c3b9fe4ab194a7255b20ff", size = 149829, upload-time = "2026-09-29T00:54:19.933Z" },
    { url = "https://files.pythonhosted.org/packages/8e/30/a90ca13f1d3d91af1680000a4038536907018fbd51764767287a05d28b8b/librt-0.16.0-cp315-cp315-macosx_11_0_arm64.whl", hash = "sha256:8ff5d26c529336be9bd7ae04483235d77778ee7d6444a95353102b542601ce81", size = 154522, upload-time = "2026-09-29T00:54:21.306Z" },
    { url = "https://files.pythonhosted.org/packages/5c/dd/bcf364eacfa070bb1fc88d503111ae7177914197ba1fa717c748926e7930/librt-0.16.0-cp315-cp315-manylinux2014_aarch64.manylinux_2_17_aarch64.manylinux_2_28_aarch64.whl", hash = "sha256:909d8e3c1faee44cb762b1c519ff8613dcc5ceae5c99987a00917b5a31fd1d6a", size = 497593, upload-time = "2026-09-29T00:54:22.798Z" },
    { url = "https://files.pythonhosted.org/packages/18/c1/2c4e81e347bdabfe8346bfc6dc37ae5e154d61c88e30848ec0606025a5e0/librt-0.16.0-cp315-cp315-manylinux2014_i686.manylinux_2_17_i686.manylinux_2_28_i686.whl", hash = "sha256:6d4a64283ee61824b5790de882bc68e2d9d7a5143537cb7a966f7354f71646d4", size = 480459, upload-time = "2026-09-29T00:54:24.364Z" },
    { url = "https://files.pythonhosted.org/packages/ab/d7/fef2a3cb8400701be496f6e459876f650b3451f407e30cb243de571ae615/librt-0.16.0-cp315-cp315-manylinux2014_ppc64le.manylinux_2_17_ppc64le.manylinux_2_28_ppc64le.whl", hash = "sha256:5810ba811297fdf37a1531a57667cb8ace0842013ca8606bf9eb7c24cf4be154", size = 507814, upload-time = "2026-09-29T00:54:25.997Z" },
    { url = "https://files.pythonhosted.org/packages/e1/6f/53762927a32e9dc9eb1d1c1f3528da281290c86d96929a8af652f671266e/librt-0.16.0-cp315-cp315-manylinux2014_x86_64.manylinux_2_17_x86_64.manylinux_2_28_x86_64.whl", hash = "sha256:e56aaf8c167548dc8e5d6f3bd0f48dcdd299a23c73be3f744aab79d99e9c7f5d", size = 525114, upload-time = "2026-09-29T00:54:27.747Z" },
    { url = "https://files.pythonhosted.org/packages/6c/67/0b9d031f303c4e8c691a9a8ef9d272f13b530c11cc563b819df621b6a348/librt-0.16.0-cp315-cp315-manylinux_2_34_riscv64.manylinux_2_39_riscv64.whl", hash = "sha256:8f36c58e33b304b525c6c9c5076399c6ebf1109e17b9051a05a407b091b9215b", size = 520465, upload-time = "2026-09-29T00:54:29.331Z" },
    { url = "https://files.pythonhosted.org/packages/ae/d5/2056a3a85864e882eb17a203a10ddb26fa748bc9718ec67e79059ab46cae/librt-0.16.0-cp315-cp315-musllinux_1_2_aarch64.whl", hash = "sha256:242e00b3d4fa37c3d3c1ca5f5c9adb7d909ddb1eac9c41f2787320d00caa0af2", size = 537257, upload-time = "2026-09-29T00:54:30.915Z" },
    { url = "https://files.pythonhosted.org/packages/54/57/e0d79790c163cbc0909e209a6f62e30bb713b647f905a176cdc64848fd4d/librt-0.16.0-cp315-cp315-musllinux_1_2_i686.whl", hash = "sha256:0253721561787b8df8443eb347b7a6461015354e5bdd37ee38a41fef220d2bb0", size = 527442, upload-time = "2026-09-29T00:54:32.478Z" },
    { url = "https://files.pythonhosted.org/packages/aa/50/1c0c95aba7af51f4752ea34fbf2eb79b36e7cae3a72536248e8c735de735/librt-0.16.0-cp315-cp315-musllinux_1_2_ppc64le.whl", hash = "sha256:3e483a8d69ede8067db70c0e83007423b6925de6fd53afed01d66160f2e9398c", size = 548139, upload-time = "2026-09-29T00:54:34.183Z" },
    { url = "https://files.pythonhosted.org/packages/98/91/a8a43dd5138d4f55f88846b8f0c85454a4fad69952cebfcff9948f831290/librt-0.16.0-cp315-cp315-musllinux_1_2_riscv64.whl", hash = "sha256:69ba927445cfaaffb4081003ef5224c55a5c2ab67ef956f416ef744916e44121", size = 529708, upload-time = "2026-09-29T00:54:35.761Z" },
    { url = "https://files.pythonhosted.org/packages/2d/41/d5226881ab2b7c20d9d587b37bdd4a0ec8775a96d00ca87ac9f385587db4/librt-0.16.0-cp315-cp315-musllinux_1_2_x86_64.whl", hash = "sha256:d6a365f2ab45a984d0e00eee0dd17f599ceab8cadab6ea07b6111c8132fc0e42", size = 567781, upload-time = "2026-09-29T00:54:37.409Z" },
    { url = "https://files.pythonhosted.org/packages/bb/bf/2345ba57a626e8c78c4ddcc724636a8df5a593fe46c1ee76bbf477e32b0d/librt-0.16.0-cp315-cp315-pyemscripten_2026_5_wasm32.whl", hash = "sha256:f01f3805f2dae4781c0c34b440e31740d082950bdaf89a6f601ad589a28af57a", size = 79177, upload-time = "2026-09-29T00:54:38.792Z" },
    { url = "https://files.pythonhosted.org/packages/1e/40/99e77936cc9207f629b077bf7cbc5e2f0827cddd7c29792f04ef881bd2c3/librt-0.16.0-cp315-cp315-win32.whl", hash = "sha256:b0e3e721c75d2e79a76d4422c79d7ba705fe1bbafec907037fe7a657a480a0e3", size = 100127, upload-time = "2026-09-29T00:54:40.251Z" },
    { url = "https://files.pythonhosted.org/packages/56/1e/801fe26bc622061b9dfd010e166d94142cb774b733217e6d98d1c0cf2638/librt-0.16.0-cp315-cp315-win_amd64.whl", hash = "sha256:bc02954b1295de798bbdb0b4e2d8a28c2117de8b5c73dcbeb27dc32572dfb971", size = 120480, upload-time = "2026-09-29T00:54:41.722Z" },
    { url = "https://files.pythonhosted.org/packages/bb/a9/d533983055bd36e112627384c2c038845d1df882540b8bcefb566475640b/librt-0.16.0-cp315-cp315-win_arm64.whl", hash = "sha256:c5db585d43449a5f54303d4b2774e45e1babd975cfe1630a3d708c0b80c3e560", size = 110915, upload-time = "2026-09-29T00:54:43.052Z" },
    { url = "https://files.pythonhosted.org/packages/55/fe/d62238fa9c653b0e0613290349467cb65711b5800e8e474f45e942a0ad95/librt-0.16.0-cp315-cp315t-macosx_10_15_x86_64.whl", hash = "sha256:f06c689cb14afd9b612727553a5ec5a40febf113ca41c4413a2b0b334285884b", size = 159714, upload-time = "2026-09-29T00:54:44.497Z" },
    { url = "https://files.pythonhosted.org/packages/f3/ac/f31efe7818700be72ba4f9af8a80fa67c39808c8d26dacc55dc1f6f35172/librt-0.16.0-cp315-cp315t-macosx_11_0_arm64.whl", hash = "sha256:13b4e8aba90b0b1c82474e9844aa9ffe7ad3faa484350e1da64cb8188d903134", size = 162086, upload-time = "2026-09-29T00:54:45.968Z" },
    { url = "https://files.pythonhosted.org/packages/d9/16/4d7487bf86a9d7e8e18f37ba5538789233ea693637379b75701bd35ec9de/librt-0.16.0-cp315-cp315t-manylinux2014_aarch64.manylinux_2_17_aarch64.manylinux_2_28_aarch64.whl", hash = "sha256:5a269c46ae327d8e6f8c1f85f7516cb52c0fa48127565a1105a4f4a05ff2a0b4", size = 712727, upload-time = "2026-09-29T00:54:47.486Z" },
    { url = "https://files.pythonhosted.org/packages/77/74/50cd550ccc1a517b9ed62347625c01ddf8c4afad66490312677c011458f6/librt-0.16.0-cp315-cp315t-manylinux2014_i686.manylinux_2_17_i686.manylinux_2_28_i686.whl", hash = "sha256:a33e0dae1f8592146a4764d54ce842b278732d21a84e17c3bbe6b1bc158a2248", size = 681106, upload-time = "2026-09-29T00:54:49.126Z" },
    { url = "https://files.pythonhosted.org/packages/df/5d/7293f712975ee6fdd2251411fd9ef1c62bc99c7b83ecbe62dbc999b1fab7/librt-0.16.0-cp315-cp315t-manylinux2014_ppc64le.manylinux_2_17_ppc64le.manylinux_2_28_ppc64le.whl", hash = "sha256:47ada6ea32636492c61aa8ad27ae3b9404bfe7a97e3ba946d1984236cc741da0", size = 705921, upload-time = "2026-09-29T00:54:50.905Z" },
    { url = "https://files.pythonhosted.org/packages/67/f7/8aab946f11d59d1bece9ffc65d994b200c789a8ca5a95c17e17e609f912a/librt-0.16.0-cp315-cp315t-manylinux2014_x86_64.manylinux_2_17_x86_64.manylinux_2_28_x86_64.whl", hash = "sha256:c43bd6e642d8a248c114327f98dd25ac5a7cb5aa168ef02f0559b91874df16b8", size = 731786, upload-time = "2026-09-29T00:54:52.584Z" },
    { url = "https://files.pythonhosted.org/packages/43/76/1c42ab31e7cb8384ebf6d3af607213c495222474f4940443ae7639ab7685/librt-0.16.0-cp315-cp315t-manylinux_2_34_riscv64.manylinux_2_39_riscv64.whl", hash = "sha256:c3d1bb7841a816ace6449bb26d3f9560dbfa20e71c568d23f0f62bf1e68f50b1", size = 744964, upload-time = "2026-09-29T00:54:54.217Z" },
    { url = "https://files.pythonhosted.org/packages/6f/2e/4b19982d933d2dfced671e840b219e4c1cd3f507df6e6dabb51bbd4e3850/librt-0.16.0-cp315-cp315t-musllinux_1_2_aarch64.whl", hash = "sha256:3931f7a3db322e7f44e02a280e3949326ce9579ad388ee8d691dc7c76da9fb70", size = 765305, upload-time = "2026-09-29T00:54:55.815Z" },
    { url = "https://files.pythonhosted.org/packages/b8/1b/e872583de2dcb3ac7746e7a2321aeeb168274f3952a87dc66e05ddb29faf/librt-0.16.0-cp315-cp315t-musllinux_1_2_i686.whl", hash = "sha256:f4462528b6000afe8f16907b5c7c2553abf1df005ba5140e6eb394541c3624c3", size = 744959, upload-time = "2026-09-29T00:54:57.532Z" },
    { url = "https://files.pythonhosted.org/packages/10/de/a18c6bcfb297af2674233e90b3c3661c3a0af0f1434a0c966d2ef708a835/librt-0.16.0-cp315-cp315t-musllinux_1_2_ppc64le.whl", hash = "sha256:80039ba9b6a7d5f1a0175a4cca6bbefead87bd854c80abad1cb30afe47a830db", size = 758138, upload-time = "2026-09-29T00:54:59.484Z" },
    { url = "https://files.pythonhosted.org/packages/22/1c/0df1d732539c297bb1a093e1fe3204d2faf76a9022cf4e1d1c2fce059790/librt-0.16.0-cp315-cp315t-musllinux_1_2_riscv64.whl", hash = "sha256:7a1d272724b581bb6bc769dfdafed6da2ecc9886ba2450311de55a4ac2e1e9cd", size = 744268, upload-time = "2026-09-29T00:55:01.179Z" },
    { url = "https://files.pythonhosted.org/packages/a2/f7/ccaf31331f20c91a5bd9bd48ffc3f743f9c81bb5720cc7b2a720ca204f0a/librt-0.16.0-cp315-cp315t-musllinux_1_2_x86_64.whl", hash = "sha256:fbe4fb8c5445f7496d7f7f6bb0807875d09d47e6771ffa175fb2df2895fb86ba", size = 785783, upload-time = "2026-09-29T00:55:02.938Z" },
    { url = "https://files.pythonhosted.org/packages/c1/ea/7421d9e6db894cd6cd788b604b3394a163ded6b942052b6f96c23ccf08e1/librt-0.16.0-cp315-cp315t-win32.whl", hash = "sha256:375bfe6b572a8f6cfc398709356046173bf27e64c4c5edaf5f7062f051fb4bf9", size = 104355, upload-time = "2026-09-29T00:55:04.533Z" },
    { url = "https://files.pythonhosted.org/packages/85/6d/7c31a506eb847bc58aeb2402d58e17605e821f68ab5df5e66fe274a6df41/librt-0.16.0-cp315-cp315t-win_amd64.whl", hash = "sha256:bd3150023d3dc2bc70f3784e59ffa1140d56ddba3d8125b3d6f9f85221279bfc", size = 126134, upload-time = "2026-09-29T00:55:06.017Z" },
    { url = "https://files.pythonhosted.org/packages/36/69/7a5d10ac409c4da0355e054a14371871da9b5557fcc42772cd00181c6cce/librt-0.16.0-cp315-cp315t-win_arm64.whl", hash = "sha256:8ceafb70f2a4f0826f11031942e59c0728fd98da112dc346d4352bde1e486866", size = 116391, upload-time = "2026-09-29T00:55:07.484Z" },
]

[[package]]
name = "mypy"
version = "1.19.1"
source = { registry = "https://pypi.org/simple" }
dependencies = [
    { name = "librt", marker = "platform_python_implementation != 'PyPy'" },
    { name = "mypy-extensions" },
    { name = "pathspec" },
    { name = "typing-extensions" },
]
sdist = { url = "https://files.pythonhosted.org/packages/f5/db/4efed9504bc01309ab9c2da7e352cc223569f05478012b5d9ece38fd44d2/mypy-1.19.1.tar.gz", hash = "sha256:19d88bb05303fe63f71dd2c6270daca27cb9401c4ca8255fe50d1d920e0eb9ba", size = 3582404, upload-time = "2025-12-15T05:03:48.42Z" }
wheels = [
    { url = "https://files.pythonhosted.org/packages/06/8a/19bfae96f6615aa8a0604915512e0289b1fad33d5909bf7244f02935d33a/mypy-1.19.1-cp312-cp312-macosx_10_13_x86_64.whl", hash = "sha256:a8174a03289288c1f6c46d55cef02379b478bfbc8e358e02047487cad44c6ca1", size = 13206053, upload-time = "2025-12-15T05:03:46.622Z" },
    { url = "https://files.pythonhosted.org/packages/a5/34/3e63879ab041602154ba2a9f99817bb0c85c4df19a23a1443c8986e4d565/mypy-1.19.1-cp312-cp312-macosx_11_0_arm64.whl", hash = "sha256:ffcebe56eb09ff0c0885e750036a095e23793ba6c2e894e7e63f6d89ad51f22e", size = 12219134, upload-time = "2025-12-15T05:03:24.367Z" },
    { url = "https://files.pythonhosted.org/packages/89/cc/2db6f0e95366b630364e09845672dbee0cbf0bbe753a204b29a944967cd9/mypy-1.19.1-cp312-cp312-manylinux2014_aarch64.manylinux_2_17_aarch64.manylinux_2_28_aarch64.whl", hash = "sha256:b64d987153888790bcdb03a6473d321820597ab8dd9243b27a92153c4fa50fd2", size = 12731616, upload-time = "2025-12-15T05:02:44.725Z" },
    { url = "https://files.pythonhosted.org/packages/00/be/dd56c1fd4807bc1eba1cf18b2a850d0de7bacb55e158755eb79f77c41f8e/mypy-1.19.1-cp312-cp312-manylinux2014_x86_64.manylinux_2_17_x86_64.manylinux_2_28_x86_64.whl", hash = "sha256:c35d298c2c4bba75feb2195655dfea8124d855dfd7343bf8b8c055421eaf0cf8", size = 13620847, upload-time = "2025-12-15T05:03:39.633Z" },
    { url = "https://files.pythonhosted.org/packages/6d/42/332951aae42b79329f743bf1da088cd75d8d4d9acc18fbcbd84f26c1af4e/mypy-1.19.1-cp312-cp312-musllinux_1_2_x86_64.whl", hash = "sha256:34c81968774648ab5ac09c29a375fdede03ba253f8f8287847bd480782f73a6a", size = 13834976, upload-time = "2025-12-15T05:03:08.786Z" },
    { url = "https://files.pythonhosted.org/packages/6f/63/e7493e5f90e1e085c562bb06e2eb32cae27c5057b9653348d38b47daaecc/mypy-1.19.1-cp312-cp312-win_amd64.whl", hash = "sha256:b10e7c2cd7870ba4ad9b2d8a6102eb5ffc1f16ca35e3de6bfa390c1113029d13", size = 10118104, upload-time = "2025-12-15T05:03:10.834Z" },
    { url = "https://files.pythonhosted.org/packages/de/9f/a6abae693f7a0c697dbb435aac52e958dc8da44e92e08ba88d2e42326176/mypy-1.19.1-cp313-cp313-macosx_10_13_x86_64.whl", hash = "sha256:e3157c7594ff2ef1634ee058aafc56a82db665c9438fd41b390f3bde1ab12250", size = 13201927, upload-time = "2025-12-15T05:02:29.138Z" },
    { url = "https://files.pythonhosted.org/packages/9a/a4/45c35ccf6e1c65afc23a069f50e2c66f46bd3798cbe0d680c12d12935caa/mypy-1.19.1-cp313-cp313-macosx_11_0_arm64.whl", hash = "sha256:bdb12f69bcc02700c2b47e070238f42cb87f18c0bc1fc4cdb4fb2bc5fd7a3b8b", size = 12206730, upload-time = "2025-12-15T05:03:01.325Z" },
    { url = "https://files.pythonhosted.org/packages/05/bb/cdcf89678e26b187650512620eec8368fded4cfd99cfcb431e4cdfd19dec/mypy-1.19.1-cp313-cp313-manylinux2014_aarch64.manylinux_2_17_aarch64.manylinux_2_28_aarch64.whl", hash = "sha256:f859fb09d9583a985be9a493d5cfc5515b56b08f7447759a0c5deaf68d80506e", size = 12724581, upload-time = "2025-12-15T05:03:20.087Z" },
    { url = "https://files.pythonhosted.org/packages/d1/32/dd260d52babf67bad8e6770f8e1102021877ce0edea106e72df5626bb0ec/mypy-1.19.1-cp313-cp313-manylinux2014_x86_64.manylinux_2_17_x86_64.manylinux_2_28_x86_64.whl", hash = "sha256:c9a6538e0415310aad77cb94004ca6482330fece18036b5f360b62c45814c4ef", size = 13616252, upload-time = "2025-12-15T05:02:49.036Z" },
    { url = "https://files.pythonhosted.org/packages/71/d0/5e60a9d2e3bd48432ae2b454b7ef2b62a960ab51292b1eda2a95edd78198/mypy-1.19.1-cp313-cp313-musllinux_1_2_x86_64.whl", hash = "sha256:da4869fc5e7f62a88f3fe0b5c919d1d9f7ea3cef92d3689de2823fd27e40aa75", size = 13840848, upload-time = "2025-12-15T05:02:55.95Z" },
    { url = "https://files.pythonhosted.org/packages/98/76/d32051fa65ecf6cc8c6610956473abdc9b4c43301107476ac03559507843/mypy-1.19.1-cp313-cp313-win_amd64.whl", hash = "sha256:016f2246209095e8eda7538944daa1d60e1e8134d98983b9fc1e92c1fc0cb8dd", size = 10135510, upload-time = "2025-12-15T05:02:58.438Z" },
    { url = "https://files.pythonhosted.org/packages/de/eb/b83e75f4c820c4247a58580ef86fcd35165028f191e7e1ba57128c52782d/mypy-1.19.1-cp314-cp314-macosx_10_15_x86_64.whl", hash = "sha256:06e6170bd5836770e8104c8fdd58e5e725cfeb309f0a6c681a811f557e97eac1", size = 13199744, upload-time = "2025-12-15T05:03:30.823Z" },
    { url = "https://files.pythonhosted.org/packages/94/28/52785ab7bfa165f87fcbb61547a93f98bb20e7f82f90f165a1f69bce7b3d/mypy-1.19.1-cp314-cp314-macosx_11_0_arm64.whl", hash = "sha256:804bd67b8054a85447c8954215a906d6eff9cabeabe493fb6334b24f4bfff718", size = 12215815, upload-time = "2025-12-15T05:02:42.323Z" },
    { url = "https://files.pythonhosted.org/packages/0a/c6/bdd60774a0dbfb05122e3e925f2e9e846c009e479dcec4821dad881f5b52/mypy-1.19.1-cp314-cp314-manylinux2014_aarch64.manylinux_2_17_aarch64.manylinux_2_28_aarch64.whl", hash = "sha256:21761006a7f497cb0d4de3d8ef4ca70532256688b0523eee02baf9eec895e27b", size = 12740047, upload-time = "2025-12-15T05:03:33.168Z" },
    { url = "https://files.pythonhosted.org/packages/32/2a/66ba933fe6c76bd40d1fe916a83f04fed253152f451a877520b3c4a5e41e/mypy-1.19.1-cp314-cp314-manylinux2014_x86_64.manylinux_2_17_x86_64.manylinux_2_28_x86_64.whl", hash = "sha256:28902ee51f12e0f19e1e16fbe2f8f06b6637f482c459dd393efddd0ec7f82045", size = 13601998, upload-time = "2025-12-15T05:03:13.056Z" },
    { url = "https://files.pythonhosted.org/packages/e3/da/5055c63e377c5c2418760411fd6a63ee2b96cf95397259038756c042574f/mypy-1.19.1-cp314-cp314-musllinux_1_2_x86_64.whl", hash = "sha256:481daf36a4c443332e2ae9c137dfee878fcea781a2e3f895d54bd3002a900957", size = 13807476, upload-time = "2025-12-15T05:03:17.977Z" },
    { url = "https://files.pythonhosted.org/packages/cd/09/4ebd873390a063176f06b0dbf1f7783dd87bd120eae7727fa4ae4179b685/mypy-1.19.1-cp314-cp314-win_amd64.whl", hash = "sha256:8bb5c6f6d043655e055be9b542aa5f3bdd30e4f3589163e85f93f3640060509f", size = 10281872, upload-time = "2025-12-15T05:03:05.549Z" },
    { url = "https://files.pythonhosted.org/packages/8d/f4/4ce9a05ce5ded1de3ec1c1d96cf9f9504a04e54ce0ed55cfa38619a32b8d/mypy-1.19.1-py3-none-any.whl", hash = "sha256:f1235f5ea01b7db5468d53ece6aaddf1ad0b88d9e7462b86ef96fe04995d7247", size = 2471239, upload-time = "2025-12-15T05:03:07.248Z" },
]

[[package]]
name = "mypy-extensions"
version = "1.1.0"
source = { registry = "https://pypi.org/simple" }
sdist = { url = "https://files.pythonhosted.org/packages/a2/6e/371856a3fb9d31ca8dac321cda606860fa4548858c0cc45d9d1d4ca2628b/mypy_extensions-1.1.0.tar.gz", hash = "sha256:52e68efc3284861e772bbcd66823fde5ae21fd2fdb51c62a211403730b916558", size = 6343, upload-time = "2025-04-22T14:54:24.164Z" }
wheels = [
    { url = "https://files.pythonhosted.org/packages/79/7b/2c79738432f5c924bef5071f933bcc9efd0473bac3b4aa584a6f7c1c8df8/mypy_extensions-1.1.0-py3-none-any.whl", hash = "sha256:1be4cccdb0f2482337c4743e60421de3a356cd97508abadd57d47403e94f5505", size = 4963, upload-time = "2025-04-22T14:54:22.983Z" },
]

[[package]]
name = "packaging"
version = "26.3"
source = { registry = "https://pypi.org/simple" }
sdist = { url = "https://files.pythonhosted.org/packages/7d/fa/3944b40b07da9ce895c0e6303a5ab7d53da063554f534556b134a54d6093/packaging-26.3.tar.gz", hash = "sha256:94edc256424af38762eb31306eed28beb9f0efc50a8837492c9d6fd6004aed79", size = 313412, upload-time = "2026-08-04T18:15:28.737Z" }
wheels = [
    { url = "https://files.pythonhosted.org/packages/63/34/ba1c580383c9eada3711951fef0795c80b829a078d72188184bcab9dd527/packaging-26.3-py3-none-any.whl", hash = "sha256:d7193f7c8e4e93f444fde0262bf90af30e16fa0ad0ad44cb553c87339b23cd1c", size = 129956, upload-time = "2026-08-04T18:15:27.159Z" },
]

[[package]]
name = "pathspec"
version = "1.1.1"
source = { registry = "https://pypi.org/simple" }
sdist = { url = "https://files.pythonhosted.org/packages/5a/82/42f767fc1c1143d6fd36efb827202a2d997a375e160a71eb2888a925aac1/pathspec-1.1.1.tar.gz", hash = "sha256:17db5ecd524104a120e173814c90367a96a98d07c45b2e10c2f3919fff91bf5a", size = 135180, upload-time = "2026-04-27T01:46:08.907Z" }
wheels = [
    { url = "https://files.pythonhosted.org/packages/f1/d9/7fb5aa316bc299258e68c73ba3bddbc499654a07f151cba08f6153988714/pathspec-1.1.1-py3-none-any.whl", hash = "sha256:a00ce642f577bf7f473932318056212bc4f8bfdf53128c78bbd5af0b9b20b189", size = 57328, upload-time = "2026-04-27T01:46:07.06Z" },
]

[[package]]
name = "pluggy"
version = "1.6.0"
source = { registry = "https://pypi.org/simple" }
sdist = { url = "https://files.pythonhosted.org/packages/f9/e2/3e91f31a7d2b083fe6ef3fa267035b518369d9511ffab804f839851d2779/pluggy-1.6.0.tar.gz", hash = "sha256:7dcc130b76258d33b90f61b658791dede3486c3e6bfb003ee5c9bfb396dd22f3", size = 69412, upload-time = "2025-05-15T12:30:07.975Z" }
wheels = [
    { url = "https://files.pythonhosted.org/packages/54/20/4d324d65cc6d9205fabedc306948156824eb9f0ee1633355a8f7ec5c66bf/pluggy-1.6.0-py3-none-any.whl", hash = "sha256:e920276dd6813095e9377c0bc5566d94c932c33b27a3e3945d8389c374dd4746", size = 20538, upload-time = "2025-05-15T12:30:06.134Z" },
]

[[package]]
name = "pygments"
version = "2.21.0"
source = { registry = "https://pypi.org/simple" }
sdist = { url = "https://files.pythonhosted.org/packages/49/2e/ced460408999b33da6b31b0021b0f37d329e202d4169aeb164493778f25b/pygments-2.21.0.tar.gz", hash = "sha256:610ca751c9bc2492b38eb9a38a7fbc93edbbb2d7182edaf34e66ae493dee5c8c", size = 5005329, upload-time = "2026-08-17T08:02:48.824Z" }
wheels = [
    { url = "https://files.pythonhosted.org/packages/71/46/17f022dd3e953bf20a04a028a21ec746d942f8d2af30fa0f124fa0e6a684/pygments-2.21.0-py3-none-any.whl", hash = "sha256:2363c69b61c4a97c838da3b130dcd6468f4848992b21a82f2a63ec34377137d9", size = 1250147, upload-time = "2026-08-17T08:02:44.912Z" },
]

[[package]]
name = "pytest"
version = "8.4.2"
source = { registry = "https://pypi.org/simple" }
dependencies = [
    { name = "colorama", marker = "sys_platform == 'win32'" },
    { name = "iniconfig" },
    { name = "packaging" },
    { name = "pluggy" },
    { name = "pygments" },
]
sdist = { url = "https://files.pythonhosted.org/packages/a3/5c/00a0e072241553e1a7496d638deababa67c5058571567b92a7eaa258397c/pytest-8.4.2.tar.gz", hash = "sha256:86c0d0b93306b961d58d62a4db4879f27fe25513d4b969df351abdddb3c30e01", size = 1519618, upload-time = "2025-09-04T14:34:22.711Z" }
wheels = [
    { url = "https://files.pythonhosted.org/packages/a8/a4/20da314d277121d6534b3a980b29035dcd51e6744bd79075a6ce8fa4eb8d/pytest-8.4.2-py3-none-any.whl", hash = "sha256:872f880de3fc3a5bdc88a11b39c9710c3497a547cfa9320bc3c5e62fbf272e79", size = 365750, upload-time = "2025-09-04T14:34:20.226Z" },
]

[[package]]
name = "ruff"
version = "0.15.7"
source = { registry = "https://pypi.org/simple" }
sdist = { url = "https://files.pythonhosted.org/packages/a1/22/9e4f66ee588588dc6c9af6a994e12d26e19efbe874d1a909d09a6dac7a59/ruff-0.15.7.tar.gz", hash = "sha256:04f1ae61fc20fe0b148617c324d9d009b5f63412c0b16474f3d5f1a1a665f7ac", size = 4601277, upload-time = "2026-03-19T16:26:22.605Z" }
wheels = [
    { url = "https://files.pythonhosted.org/packages/41/2f/0b08ced94412af091807b6119ca03755d651d3d93a242682bf020189db94/ruff-0.15.7-py3-none-linux_armv6l.whl", hash = "sha256:a81cc5b6910fb7dfc7c32d20652e50fa05963f6e13ead3c5915c41ac5d16668e", size = 10489037, upload-time = "2026-03-19T16:26:32.47Z" },
    { url = "https://files.pythonhosted.org/packages/91/4a/82e0fa632e5c8b1eba5ee86ecd929e8ff327bbdbfb3c6ac5d81631bef605/ruff-0.15.7-py3-none-macosx_10_12_x86_64.whl", hash = "sha256:722d165bd52403f3bdabc0ce9e41fc47070ac56d7a91b4e0d097b516a53a3477", size = 10955433, upload-time = "2026-03-19T16:27:00.205Z" },
    { url = "https://files.pythonhosted.org/packages/ab/10/12586735d0ff42526ad78c049bf51d7428618c8b5c467e72508c694119df/ruff-0.15.7-py3-none-macosx_11_0_arm64.whl", hash = "sha256:7fbc2448094262552146cbe1b9643a92f66559d3761f1ad0656d4991491af49e", size = 10269302, upload-time = "2026-03-19T16:26:26.183Z" },
    { url = "https://files.pythonhosted.org/packages/eb/5d/32b5c44ccf149a26623671df49cbfbd0a0ae511ff3df9d9d2426966a8d57/ruff-0.15.7-py3-none-manylinux_2_17_aarch64.manylinux2014_aarch64.whl", hash = "sha256:6b39329b60eba44156d138275323cc726bbfbddcec3063da57caa8a8b1d50adf", size = 10607625, upload-time = "2026-03-19T16:27:03.263Z" },
    { url = "https://files.pythonhosted.org/packages/5d/f1/f0001cabe86173aaacb6eb9bb734aa0605f9a6aa6fa7d43cb49cbc4af9c9/ruff-0.15.7-py3-none-manylinux_2_17_armv7l.manylinux2014_armv7l.whl", hash = "sha256:87768c151808505f2bfc93ae44e5f9e7c8518943e5074f76ac21558ef5627c85", size = 10324743, upload-time = "2026-03-19T16:27:09.791Z" },
    { url = "https://files.pythonhosted.org/packages/7a/87/b8a8f3d56b8d848008559e7c9d8bf367934d5367f6d932ba779456e2f73b/ruff-0.15.7-py3-none-manylinux_2_17_i686.manylinux2014_i686.whl", hash = "sha256:fb0511670002c6c529ec66c0e30641c976c8963de26a113f3a30456b702468b0", size = 11138536, upload-time = "2026-03-19T16:27:06.101Z" },
    { url = "https://files.pythonhosted.org/packages/e4/f2/4fd0d05aab0c5934b2e1464784f85ba2eab9d54bffc53fb5430d1ed8b829/ruff-0.15.7-py3-none-manylinux_2_17_ppc64le.manylinux2014_ppc64le.whl", hash = "sha256:e0d19644f801849229db8345180a71bee5407b429dd217f853ec515e968a6912", size = 11994292, upload-time = "2026-03-19T16:26:48.718Z" },
    { url = "https://files.pythonhosted.org/packages/64/22/fc4483871e767e5e95d1622ad83dad5ebb830f762ed0420fde7dfa9d9b08/ruff-0.15.7-py3-none-manylinux_2_17_s390x.manylinux2014_s390x.whl", hash = "sha256:4806d8e09ef5e84eb19ba833d0442f7e300b23fe3f0981cae159a248a10f0036", size = 11398981, upload-time = "2026-03-19T16:26:54.513Z" },
    { url = "https://files.pythonhosted.org/packages/b0/99/66f0343176d5eab02c3f7fcd2de7a8e0dd7a41f0d982bee56cd1c24db62b/ruff-0.15.7-py3-none-manylinux_2_17_x86_64.manylinux2014_x86_64.whl", hash = "sha256:dce0896488562f09a27b9c91b1f58a097457143931f3c4d519690dea54e624c5", size = 11242422, upload-time = "2026-03-19T16:26:29.277Z" },
    { url = "https://files.pythonhosted.org/packages/5d/3a/a7060f145bfdcce4c987ea27788b30c60e2c81d6e9a65157ca8afe646328/ruff-0.15.7-py3-none-manylinux_2_31_riscv64.whl", hash = "sha256:1852ce241d2bc89e5dc823e03cff4ce73d816b5c6cdadd27dbfe7b03217d2a12", size = 11232158, upload-time = "2026-03-19T16:26:42.321Z" },
    { url = "https://files.pythonhosted.org/packages/a7/53/90fbb9e08b29c048c403558d3cdd0adf2668b02ce9d50602452e187cd4af/ruff-0.15.7-py3-none-musllinux_1_2_aarch64.whl", hash = "sha256:5f3e4b221fb4bd293f79912fc5e93a9063ebd6d0dcbd528f91b89172a9b8436c", size = 10577861, upload-time = "2026-03-19T16:26:57.459Z" },
    { url = "https://files.pythonhosted.org/packages/2f/aa/5f486226538fe4d0f0439e2da1716e1acf895e2a232b26f2459c55f8ddad/ruff-0.15.7-py3-none-musllinux_1_2_armv7l.whl", hash = "sha256:b15e48602c9c1d9bdc504b472e90b90c97dc7d46c7028011ae67f3861ceba7b4", size = 10327310, upload-time = "2026-03-19T16:26:35.909Z" },
    { url = "https://files.pythonhosted.org/packages/99/9e/271afdffb81fe7bfc8c43ba079e9d96238f674380099457a74ccb3863857/ruff-0.15.7-py3-none-musllinux_1_2_i686.whl", hash = "sha256:1b4705e0e85cedc74b0a23cf6a179dbb3df184cb227761979cc76c0440b5ab0d", size = 10840752, upload-time = "2026-03-19T16:26:45.723Z" },
    { url = "https://files.pythonhosted.org/packages/bf/29/a4ae78394f76c7759953c47884eb44de271b03a66634148d9f7d11e721bd/ruff-0.15.7-py3-none-musllinux_1_2_x86_64.whl", hash = "sha256:112c1fa316a558bb34319282c1200a8bf0495f1b735aeb78bfcb2991e6087580", size = 11336961, upload-time = "2026-03-19T16:26:39.076Z" },
    { url = "https://files.pythonhosted.org/packages/26/6b/8786ba5736562220d588a2f6653e6c17e90c59ced34a2d7b512ef8956103/ruff-0.15.7-py3-none-win32.whl", hash = "sha256:6d39e2d3505b082323352f733599f28169d12e891f7dd407f2d4f54b4c2886de", size = 10582538, upload-time = "2026-03-19T16:26:15.992Z" },
    { url = "https://files.pythonhosted.org/packages/2b/e9/346d4d3fffc6871125e877dae8d9a1966b254fbd92a50f8561078b88b099/ruff-0.15.7-py3-none-win_amd64.whl", hash = "sha256:4d53d712ddebcd7dace1bc395367aec12c057aacfe9adbb6d832302575f4d3a1", size = 11755839, upload-time = "2026-03-19T16:26:19.897Z" },
    { url = "https://files.pythonhosted.org/packages/8f/e8/726643a3ea68c727da31570bde48c7a10f1aa60eddd628d94078fec586ff/ruff-0.15.7-py3-none-win_arm64.whl", hash = "sha256:18e8d73f1c3fdf27931497972250340f92e8c861722161a9caeb89a58ead6ed2", size = 11023304, upload-time = "2026-03-19T16:26:51.669Z" },
]

[[package]]
name = "typing-extensions"
version = "4.16.0"
source = { registry = "https://pypi.org/simple" }
sdist = { url = "https://files.pythonhosted.org/packages/f6/cc/6253133b5bb138fc3306cebfbda2c520f545d36b5be2c7255cc528bb45d6/typing_extensions-4.16.0.tar.gz", hash = "sha256:dc983d19a509c94dba722ee6abd33940f7c05a89e243c47e907eb4db6f1a43e5", size = 113555, upload-time = "2026-07-02T08:40:05.92Z" }
wheels = [
    { url = "https://files.pythonhosted.org/packages/49/d3/b8441a820a491ddfc024b0b0cf0393375b75ea13866d9c66727e54c2fc80/typing_extensions-4.16.0-py3-none-any.whl", hash = "sha256:481caa481374e813c1b176ada14e97f1f67a4539ce9cfeb3f350d78d6370c2e8", size = 45571, upload-time = "2026-07-02T08:40:04.659Z" },
]
